
Microsoft Visual Studio Solution File, Format Version 12.00
# Visual Studio Version 17
VisualStudioVersion = 17.13.35825.156 d17.13
MinimumVisualStudioVersion = 10.0.40219.1
Project("{FAE04EC0-301F-11D3-BF4B-00C04F79EFBC}") = "tpmodul8_103022300163", "tpmodul8_103022300163.csproj", "{60087FAD-19FA-4181-9410-44BA16131334}"
EndProject
Global
	GlobalSection(SolutionConfigurationPlatforms) = preSolution
		Debug|Any CPU = Debug|Any CPU
		Release|Any CPU = Release|Any CPU
	EndGlobalSection
	GlobalSection(ProjectConfigurationPlatforms) = postSolution
		{60087FAD-19FA-4181-9410-44BA16131334}.Debug|Any CPU.ActiveCfg = Debug|Any CPU
		{60087FAD-19FA-4181-9410-44BA16131334}.Debug|Any CPU.Build.0 = Debug|Any CPU
		{60087FAD-19FA-4181-9410-44BA16131334}.Release|Any CPU.ActiveCfg = Release|Any CPU
		{60087FAD-19FA-4181-9410-44BA16131334}.Release|Any CPU.Build.0 = Release|Any CPU
	EndGlobalSection
	GlobalSection(SolutionProperties) = preSolution
		HideSolutionNode = FALSE
	EndGlobalSection
	GlobalSection(ExtensibilityGlobals) = postSolution
		SolutionGuid = {9FF11AA1-7E43-4DC0-B2B0-850CD8025AFD}
	EndGlobalSection
EndGlobal
